// !$*UTF8*$!
{
	archiveVersion = 1;
	classes = {
	};
	objectVersion = 56;
	objects = {

/* Begin PBXBuildFile section */
		1744A1D52AA998BC0002E51D /* Local.json in Resources */ = {isa = PBXBuildFile; fileRef = 1744A1D42AA998BC0002E51D /* Local.json */; };
		175954E32AA4756200C0B11C /* NetworkManeger.swift in Sources */ = {isa = PBXBuildFile; fileRef = 175954E22AA4756200C0B11C /* NetworkManeger.swift */; };
		175E5CE82AA5D7F10089FF0C /* MoviesDataHandler.swift in Sources */ = {isa = PBXBuildFile; fileRef = 175E5CE72AA5D7F10089FF0C /* MoviesDataHandler.swift */; };
		176198D12AA1E08500970AC3 /* MoviesDetailsViewControllerExtension.swift in Sources */ = {isa = PBXBuildFile; fileRef = 176198D02AA1E08500970AC3 /* MoviesDetailsViewControllerExtension.swift */; };
		176198D52AA2321700970AC3 /* ImageView.swift in Sources */ = {isa = PBXBuildFile; fileRef = 176198D42AA2321700970AC3 /* ImageView.swift */; };
		176198D72AA2359C00970AC3 /* ActivityLoader.swift in Sources */ = {isa = PBXBuildFile; fileRef = 176198D62AA2359C00970AC3 /* ActivityLoader.swift */; };
		177ED5362A98EAF300474F6A /* Constant.swift in Sources */ = {isa = PBXBuildFile; fileRef = 177ED5352A98EAF300474F6A /* Constant.swift */; };
		1781F6DD2A9A705400D9B97E /* UIViewController.swift in Sources */ = {isa = PBXBuildFile; fileRef = 1781F6DC2A9A705400D9B97E /* UIViewController.swift */; };
		1781F6E52A9A722400D9B97E /* DataDownload.swift in Sources */ = {isa = PBXBuildFile; fileRef = 1781F6E42A9A722400D9B97E /* DataDownload.swift */; };
		17BB55022A94AA9000BAF159 /* AppDelegate.swift in Sources */ = {isa = PBXBuildFile; fileRef = 17BB55012A94AA9000BAF159 /* AppDelegate.swift */; };
		17BB55042A94AA9000BAF159 /* SceneDelegate.swift in Sources */ = {isa = PBXBuildFile; fileRef = 17BB55032A94AA9000BAF159 /* SceneDelegate.swift */; };
		17BB55092A94AA9000BAF159 /* Main.storyboard in Resources */ = {isa = PBXBuildFile; fileRef = 17BB55072A94AA9000BAF159 /* Main.storyboard */; };
		17BB550B2A94AA9100BAF159 /* Assets.xcassets in Resources */ = {isa = PBXBuildFile; fileRef = 17BB550A2A94AA9100BAF159 /* Assets.xcassets */; };
		17BB550E2A94AA9100BAF159 /* LaunchScreen.storyboard in Resources */ = {isa = PBXBuildFile; fileRef = 17BB550C2A94AA9100BAF159 /* LaunchScreen.storyboard */; };
		17BB55162A94B60900BAF159 /* MoviesDetailsTableViewCell.swift in Sources */ = {isa = PBXBuildFile; fileRef = 17BB55152A94B60900BAF159 /* MoviesDetailsTableViewCell.swift */; };
		17BB55182A94B65300BAF159 /* ApiResponse.swift in Sources */ = {isa = PBXBuildFile; fileRef = 17BB55172A94B65300BAF159 /* ApiResponse.swift */; };
		17BB551A2A94B72F00BAF159 /* MoviesDetailsViewController.swift in Sources */ = {isa = PBXBuildFile; fileRef = 17BB55192A94B72F00BAF159 /* MoviesDetailsViewController.swift */; };
		17BB551C2A94B75100BAF159 /* MoviesOverviewViewController.swift in Sources */ = {isa = PBXBuildFile; fileRef = 17BB551B2A94B75100BAF159 /* MoviesOverviewViewController.swift */; };
		17BB551E2A94DAAE00BAF159 /* DownloadData.swift in Sources */ = {isa = PBXBuildFile; fileRef = 17BB551D2A94DAAE00BAF159 /* DownloadData.swift */; };
		17DE06282A9E218C000658BF /* UITableView.swift in Sources */ = {isa = PBXBuildFile; fileRef = 17DE06272A9E218C000658BF /* UITableView.swift */; };
		5FEEB69F2189818A92ECE63F /* Pods_moviesDeatails.framework in Frameworks */ = {isa = PBXBuildFile; fileRef = 61321596C77561E17F472A8E /* Pods_moviesDeatails.framework */; };
/* End PBXBuildFile section */

/* Begin PBXFileReference section */
		1744A1D42AA998BC0002E51D /* Local.json */ = {isa = PBXFileReference; fileEncoding = 4; lastKnownFileType = text.json; name = Local.json; path = ../../../Local.json; sourceTree = "<group>"; };
		175954E22AA4756200C0B11C /* NetworkManeger.swift */ = {isa = PBXFileReference; lastKnownFileType = sourcecode.swift; path = NetworkManeger.swift; sourceTree = "<group>"; };
		175E5CE72AA5D7F10089FF0C /* MoviesDataHandler.swift */ = {isa = PBXFileReference; lastKnownFileType = sourcecode.swift; path = MoviesDataHandler.swift; sourceTree = "<group>"; };
		176198D02AA1E08500970AC3 /* MoviesDetailsViewControllerExtension.swift */ = {isa = PBXFileReference; lastKnownFileType = sourcecode.swift; path = MoviesDetailsViewControllerExtension.swift; sourceTree = "<group>"; };
		176198D42AA2321700970AC3 /* ImageView.swift */ = {isa = PBXFileReference; lastKnownFileType = sourcecode.swift; path = ImageView.swift; sourceTree = "<group>"; };
		176198D62AA2359C00970AC3 /* ActivityLoader.swift */ = {isa = PBXFileReference; lastKnownFileType = sourcecode.swift; path = ActivityLoader.swift; sourceTree = "<group>"; };
		177ED5352A98EAF300474F6A /* Constant.swift */ = {isa = PBXFileReference; lastKnownFileType = sourcecode.swift; path = Constant.swift; sourceTree = "<group>"; };
		1781F6DC2A9A705400D9B97E /* UIViewController.swift */ = {isa = PBXFileReference; lastKnownFileType = sourcecode.swift; path = UIViewController.swift; sourceTree = "<group>"; };
		1781F6E42A9A722400D9B97E /* DataDownload.swift */ = {isa = PBXFileReference; lastKnownFileType = sourcecode.swift; path = DataDownload.swift; sourceTree = "<group>"; };
		17BB54FE2A94AA9000BAF159 /* moviesDeatails.app */ = {isa = PBXFileReference; explicitFileType = wrapper.application; includeInIndex = 0; path = moviesDeatails.app; sourceTree = BUILT_PRODUCTS_DIR; };
		17BB55012A94AA9000BAF159 /* AppDelegate.swift */ = {isa = PBXFileReference; lastKnownFileType = sourcecode.swift; path = AppDelegate.swift; sourceTree = "<group>"; };
		17BB55032A94AA9000BAF159 /* SceneDelegate.swift */ = {isa = PBXFileReference; lastKnownFileType = sourcecode.swift; path = SceneDelegate.swift; sourceTree = "<group>"; };
		17BB55082A94AA9000BAF159 /* Base */ = {isa = PBXFileReference; lastKnownFileType = file.storyboard; name = Base; path = Base.lproj/Main.storyboard; sourceTree = "<group>"; };
		17BB550A2A94AA9100BAF159 /* Assets.xcassets */ = {isa = PBXFileReference; lastKnownFileType = folder.assetcatalog; path = Assets.xcassets; sourceTree = "<group>"; };
		17BB550D2A94AA9100BAF159 /* Base */ = {isa = PBXFileReference; lastKnownFileType = file.storyboard; name = Base; path = Base.lproj/LaunchScreen.storyboard; sourceTree = "<group>"; };
		17BB550F2A94AA9100BAF159 /* Info.plist */ = {isa = PBXFileReference; lastKnownFileType = text.plist.xml; path = Info.plist; sourceTree = "<group>"; };
		17BB55152A94B60900BAF159 /* MoviesDetailsTableViewCell.swift */ = {isa = PBXFileReference; lastKnownFileType = sourcecode.swift; path = MoviesDetailsTableViewCell.swift; sourceTree = "<group>"; };
		17BB55172A94B65300BAF159 /* ApiResponse.swift */ = {isa = PBXFileReference; lastKnownFileType = sourcecode.swift; path = ApiResponse.swift; sourceTree = "<group>"; };
		17BB55192A94B72F00BAF159 /* MoviesDetailsViewController.swift */ = {isa = PBXFileReference; lastKnownFileType = sourcecode.swift; path = MoviesDetailsViewController.swift; sourceTree = "<group>"; };
		17BB551B2A94B75100BAF159 /* MoviesOverviewViewController.swift */ = {isa = PBXFileReference; lastKnownFileType = sourcecode.swift; path = MoviesOverviewViewController.swift; sourceTree = "<group>"; };
		17BB551D2A94DAAE00BAF159 /* DownloadData.swift */ = {isa = PBXFileReference; lastKnownFileType = sourcecode.swift; path = DownloadData.swift; sourceTree = "<group>"; };
		17DE06272A9E218C000658BF /* UITableView.swift */ = {isa = PBXFileReference; lastKnownFileType = sourcecode.swift; path = UITableView.swift; sourceTree = "<group>"; };
		5C868FBB421DCF0074C192AB /* Pods-moviesDeatails.debug.xcconfig */ = {isa = PBXFileReference; includeInIndex = 1; lastKnownFileType = text.xcconfig; name = "Pods-moviesDeatails.debug.xcconfig"; path = "Target Support Files/Pods-moviesDeatails/Pods-moviesDeatails.debug.xcconfig"; sourceTree = "<group>"; };
		61321596C77561E17F472A8E /* Pods_moviesDeatails.framework */ = {isa = PBXFileReference; explicitFileType = wrapper.framework; includeInIndex = 0; path = Pods_moviesDeatails.framework; sourceTree = BUILT_PRODUCTS_DIR; };
		A1B5F87DB873B3EBF2E68BF2 /* Pods-moviesDeatails.release.xcconfig */ = {isa = PBXFileReference; includeInIndex = 1; lastKnownFileType = text.xcconfig; name = "Pods-moviesDeatails.release.xcconfig"; path = "Target Support Files/Pods-moviesDeatails/Pods-moviesDeatails.release.xcconfig"; sourceTree = "<group>"; };
/* End PBXFileReference section */

/* Begin PBXFrameworksBuildPhase section */
		17BB54FB2A94AA9000BAF159 /* Frameworks */ = {
			isa = PBXFrameworksBuildPhase;
			buildActionMask = 2147483647;
			files = (
				5FEEB69F2189818A92ECE63F /* Pods_moviesDeatails.framework in Frameworks */,
			);
			runOnlyForDeploymentPostprocessing = 0;
		};
/* End PBXFrameworksBuildPhase section */

/* Begin PBXGroup section */
		1781F6DE2A9A70A500D9B97E /* Model */ = {
			isa = PBXGroup;
			children = (
				1781F6E62A9A726900D9B97E /* ImageData */,
				1781F6E32A9A71D900D9B97E /* JsonData */,
				175954E22AA4756200C0B11C /* NetworkManeger.swift */,
				175E5CE72AA5D7F10089FF0C /* MoviesDataHandler.swift */,
			);
			path = Model;
			sourceTree = "<group>";
		};
		1781F6DF2A9A70C200D9B97E /* Extension */ = {
			isa = PBXGroup;
			children = (
				1781F6DC2A9A705400D9B97E /* UIViewController.swift */,
				17DE06272A9E218C000658BF /* UITableView.swift */,
				176198D02AA1E08500970AC3 /* MoviesDetailsViewControllerExtension.swift */,
				176198D42AA2321700970AC3 /* ImageView.swift */,
				176198D62AA2359C00970AC3 /* ActivityLoader.swift */,
			);
			path = Extension;
			sourceTree = "<group>";
		};
		1781F6E12A9A70F400D9B97E /* View */ = {
			isa = PBXGroup;
			children = (
				17BB55152A94B60900BAF159 /* MoviesDetailsTableViewCell.swift */,
			);
			path = View;
			sourceTree = "<group>";
		};
		1781F6E22A9A710A00D9B97E /* Controller */ = {
			isa = PBXGroup;
			children = (
				17BB55192A94B72F00BAF159 /* MoviesDetailsViewController.swift */,
				17BB551B2A94B75100BAF159 /* MoviesOverviewViewController.swift */,
			);
			path = Controller;
			sourceTree = "<group>";
		};
		1781F6E32A9A71D900D9B97E /* JsonData */ = {
			isa = PBXGroup;
			children = (
				17BB55172A94B65300BAF159 /* ApiResponse.swift */,
				1781F6E42A9A722400D9B97E /* DataDownload.swift */,
			);
			path = JsonData;
			sourceTree = "<group>";
		};
		1781F6E62A9A726900D9B97E /* ImageData */ = {
			isa = PBXGroup;
			children = (
				17BB551D2A94DAAE00BAF159 /* DownloadData.swift */,
			);
			path = ImageData;
			sourceTree = "<group>";
		};
		1781F6E72A9A72EB00D9B97E /* Delegate */ = {
			isa = PBXGroup;
			children = (
				17BB55032A94AA9000BAF159 /* SceneDelegate.swift */,
				17BB55012A94AA9000BAF159 /* AppDelegate.swift */,
			);
			path = Delegate;
			sourceTree = "<group>";
		};
		1781F6E82A9A745300D9B97E /* Constant */ = {
			isa = PBXGroup;
			children = (
				177ED5352A98EAF300474F6A /* Constant.swift */,
			);
			path = Constant;
			sourceTree = "<group>";
		};
		1781F6E92A9A74CD00D9B97E /* StoryBoard */ = {
			isa = PBXGroup;
			children = (
				17BB550C2A94AA9100BAF159 /* LaunchScreen.storyboard */,
				17BB55072A94AA9000BAF159 /* Main.storyboard */,
			);
			path = StoryBoard;
			sourceTree = "<group>";
		};
		1781F6EA2A9A751A00D9B97E /* Assets */ = {
			isa = PBXGroup;
			children = (
				1744A1D42AA998BC0002E51D /* Local.json */,
				17BB550A2A94AA9100BAF159 /* Assets.xcassets */,
			);
			path = Assets;
			sourceTree = "<group>";
		};
		17BB54F52A94AA9000BAF159 = {
			isa = PBXGroup;
			children = (
				17BB55002A94AA9000BAF159 /* moviesDeatails */,
				17BB54FF2A94AA9000BAF159 /* Products */,
				DA76800DD166F93103FD45AA /* Pods */,
				83EA6F383D2CD3A9C3C8D4D6 /* Frameworks */,
			);
			sourceTree = "<group>";
		};
		17BB54FF2A94AA9000BAF159 /* Products */ = {
			isa = PBXGroup;
			children = (
				17BB54FE2A94AA9000BAF159 /* moviesDeatails.app */,
			);
			name = Products;
			sourceTree = "<group>";
		};
		17BB55002A94AA9000BAF159 /* moviesDeatails */ = {
			isa = PBXGroup;
			children = (
				17BB550F2A94AA9100BAF159 /* Info.plist */,
				1781F6E72A9A72EB00D9B97E /* Delegate */,
				1781F6E82A9A745300D9B97E /* Constant */,
				1781F6DE2A9A70A500D9B97E /* Model */,
				1781F6E22A9A710A00D9B97E /* Controller */,
				1781F6E12A9A70F400D9B97E /* View */,
				1781F6DF2A9A70C200D9B97E /* Extension */,
				1781F6E92A9A74CD00D9B97E /* StoryBoard */,
				1781F6EA2A9A751A00D9B97E /* Assets */,
			);
			path = moviesDeatails;
			sourceTree = "<group>";
		};
		83EA6F383D2CD3A9C3C8D4D6 /* Frameworks */ = {
			isa = PBXGroup;
			children = (
				61321596C77561E17F472A8E /* Pods_moviesDeatails.framework */,
			);
			name = Frameworks;
			sourceTree = "<group>";
		};
		DA76800DD166F93103FD45AA /* Pods */ = {
			isa = PBXGroup;
			children = (
				5C868FBB421DCF0074C192AB /* Pods-moviesDeatails.debug.xcconfig */,
				A1B5F87DB873B3EBF2E68BF2 /* Pods-moviesDeatails.release.xcconfig */,
			);
			path = Pods;
			sourceTree = "<group>";
		};
/* End PBXGroup section */

/* Begin PBXNativeTarget section */
		17BB54FD2A94AA9000BAF159 /* moviesDeatails */ = {
			isa = PBXNativeTarget;
			buildConfigurationList = 17BB55122A94AA9100BAF159 /* Build configuration list for PBXNativeTarget "moviesDeatails" */;
			buildPhases = (
				700740F72FD043FF5DC42BBE /* [CP] Check Pods Manifest.lock */,
				17BB54FA2A94AA9000BAF159 /* Sources */,
				17BB54FB2A94AA9000BAF159 /* Frameworks */,
				17BB54FC2A94AA9000BAF159 /* Resources */,
				2304DD27E371F334E81B9855 /* [CP] Embed Pods Frameworks */,
			);
			buildRules = (
			);
			dependencies = (
			);
			name = moviesDeatails;
			productName = moviesDeatails;
			productReference = 17BB54FE2A94AA9000BAF159 /* moviesDeatails.app */;
			productType = "com.apple.product-type.application";
		};
/* End PBXNativeTarget section */

/* Begin PBXProject section */
		17BB54F62A94AA9000BAF159 /* Project object */ = {
			isa = PBXProject;
			attributes = {
				BuildIndependentTargetsInParallel = 1;
				LastSwiftUpdateCheck = 1430;
				LastUpgradeCheck = 1430;
				TargetAttributes = {
					17BB54FD2A94AA9000BAF159 = {
						CreatedOnToolsVersion = 14.3.1;
					};
				};
			};
			buildConfigurationList = 17BB54F92A94AA9000BAF159 /* Build configuration list for PBXProject "moviesDeatails" */;
			compatibilityVersion = "Xcode 14.0";
			developmentRegion = en;
			hasScannedForEncodings = 0;
			knownRegions = (
				en,
				Base,
			);
			mainGroup = 17BB54F52A94AA9000BAF159;
			productRefGroup = 17BB54FF2A94AA9000BAF159 /* Products */;
			projectDirPath = "";
			projectRoot = "";
			targets = (
				17BB54FD2A94AA9000BAF159 /* moviesDeatails */,
			);
		};
/* End PBXProject section */

/* Begin PBXResourcesBuildPhase section */
		17BB54FC2A94AA9000BAF159 /* Resources */ = {
			isa = PBXResourcesBuildPhase;
			buildActionMask = 2147483647;
			files = (
				17BB550E2A94AA9100BAF159 /* LaunchScreen.storyboard in Resources */,
				1744A1D52AA998BC0002E51D /* Local.json in Resources */,
				17BB550B2A94AA9100BAF159 /* Assets.xcassets in Resources */,
				17BB55092A94AA9000BAF159 /* Main.storyboard in Resources */,
			);
			runOnlyForDeploymentPostprocessing = 0;
		};
/* End PBXResourcesBuildPhase section */

/* Begin PBXShellScriptBuildPhase section */
		2304DD27E371F334E81B9855 /* [CP] Embed Pods Frameworks */ = {
			isa = PBXShellScriptBuildPhase;
			buildActionMask = 2147483647;
			files = (
			);
			inputFileListPaths = (
				"${PODS_ROOT}/Target Support Files/Pods-moviesDeatails/Pods-moviesDeatails-frameworks-${CONFIGURATION}-input-files.xcfilelist",
			);
			name = "[CP] Embed Pods Frameworks";
			outputFileListPaths = (
				"${PODS_ROOT}/Target Support Files/Pods-moviesDeatails/Pods-moviesDeatails-frameworks-${CONFIGURATION}-output-files.xcfilelist",
			);
			runOnlyForDeploymentPostprocessing = 0;
			shellPath = /bin/sh;
			shellScript = "\"${PODS_ROOT}/Target Support Files/Pods-moviesDeatails/Pods-moviesDeatails-frameworks.sh\"\n";
			showEnvVarsInLog = 0;
		};
		700740F72FD043FF5DC42BBE /* [CP] Check Pods Manifest.lock */ = {
			isa = PBXShellScriptBuildPhase;
			buildActionMask = 2147483647;
			files = (
			);
			inputFileListPaths = (
			);
			inputPaths = (
				"${PODS_PODFILE_DIR_PATH}/Podfile.lock",
				"${PODS_ROOT}/Manifest.lock",
			);
			name = "[CP] Check Pods Manifest.lock";
			outputFileListPaths = (
			);
			outputPaths = (
				"$(DERIVED_FILE_DIR)/Pods-moviesDeatails-checkManifestLockResult.txt",
			);
			runOnlyForDeploymentPostprocessing = 0;
			shellPath = /bin/sh;
			shellScript = "diff \"${PODS_PODFILE_DIR_PATH}/Podfile.lock\" \"${PODS_ROOT}/Manifest.lock\" > /dev/null\nif [ $? != 0 ] ; then\n    # print error to STDERR\n    echo \"error: The sandbox is not in sync with the Podfile.lock. Run 'pod install' or update your CocoaPods installation.\" >&2\n    exit 1\nfi\n# This output is used by Xcode 'outputs' to avoid re-running this script phase.\necho \"SUCCESS\" > \"${SCRIPT_OUTPUT_FILE_0}\"\n";
			showEnvVarsInLog = 0;
		};
/* End PBXShellScriptBuildPhase section */

/* Begin PBXSourcesBuildPhase section */
		17BB54FA2A94AA9000BAF159 /* Sources */ = {
			isa = PBXSourcesBuildPhase;
			buildActionMask = 2147483647;
			files = (
				1781F6E52A9A722400D9B97E /* DataDownload.swift in Sources */,
				17BB55022A94AA9000BAF159 /* AppDelegate.swift in Sources */,
				176198D12AA1E08500970AC3 /* MoviesDetailsViewControllerExtension.swift in Sources */,
				176198D72AA2359C00970AC3 /* ActivityLoader.swift in Sources */,
				177ED5362A98EAF300474F6A /* Constant.swift in Sources */,
				176198D52AA2321700970AC3 /* ImageView.swift in Sources */,
				17BB55162A94B60900BAF159 /* MoviesDetailsTableViewCell.swift in Sources */,
				17BB551E2A94DAAE00BAF159 /* DownloadData.swift in Sources */,
				175954E32AA4756200C0B11C /* NetworkManeger.swift in Sources */,
				17DE06282A9E218C000658BF /* UITableView.swift in Sources */,
				1781F6DD2A9A705400D9B97E /* UIViewController.swift in Sources */,
				17BB55182A94B65300BAF159 /* ApiResponse.swift in Sources */,
				17BB551A2A94B72F00BAF159 /* MoviesDetailsViewController.swift in Sources */,
				175E5CE82AA5D7F10089FF0C /* MoviesDataHandler.swift in Sources */,
				17BB55042A94AA9000BAF159 /* SceneDelegate.swift in Sources */,
				17BB551C2A94B75100BAF159 /* MoviesOverviewViewController.swift in Sources */,
			);
			runOnlyForDeploymentPostprocessing = 0;
		};
/* End PBXSourcesBuildPhase section */

/* Begin PBXVariantGroup section */
		17BB55072A94AA9000BAF159 /* Main.storyboard */ = {
			isa = PBXVariantGroup;
			children = (
				17BB55082A94AA9000BAF159 /* Base */,
			);
			name = Main.storyboard;
			sourceTree = "<group>";
		};
		17BB550C2A94AA9100BAF159 /* LaunchScreen.storyboard */ = {
			isa = PBXVariantGroup;
			children = (
				17BB550D2A94AA9100BAF159 /* Base */,
			);
			name = LaunchScreen.storyboard;
			sourceTree = "<group>";
		};
/* End PBXVariantGroup section */

/* Begin XCBuildConfiguration section */
		17BB55102A94AA9100BAF159 /* Debug */ = {
			isa = XCBuildConfiguration;
			buildSettings = {
				ALWAYS_SEARCH_USER_PATHS = NO;
				CLANG_ANALYZER_NONNULL = YES;
				CLANG_ANALYZER_NUMBER_OBJECT_CONVERSION = YES_AGGRESSIVE;
				CLANG_CXX_LANGUAGE_STANDARD = "gnu++20";
				CLANG_ENABLE_MODULES = YES;
				CLANG_ENABLE_OBJC_ARC = YES;
				CLANG_ENABLE_OBJC_WEAK = YES;
				CLANG_WARN_BLOCK_CAPTURE_AUTORELEASING = YES;
				CLANG_WARN_BOOL_CONVERSION = YES;
				CLANG_WARN_COMMA = YES;
				CLANG_WARN_CONSTANT_CONVERSION = YES;
				CLANG_WARN_DEPRECATED_OBJC_IMPLEMENTATIONS = YES;
				CLANG_WARN_DIRECT_OBJC_ISA_USAGE = YES_ERROR;
				CLANG_WARN_DOCUMENTATION_COMMENTS = YES;
				CLANG_WARN_EMPTY_BODY = YES;
				CLANG_WARN_ENUM_CONVERSION = YES;
				CLANG_WARN_INFINITE_RECURSION = YES;
				CLANG_WARN_INT_CONVERSION = YES;
				CLANG_WARN_NON_LITERAL_NULL_CONVERSION = YES;
				CLANG_WARN_OBJC_IMPLICIT_RETAIN_SELF = YES;
				CLANG_WARN_OBJC_LITERAL_CONVERSION = YES;
				CLANG_WARN_OBJC_ROOT_CLASS = YES_ERROR;
				CLANG_WARN_QUOTED_INCLUDE_IN_FRAMEWORK_HEADER = YES;
				CLANG_WARN_RANGE_LOOP_ANALYSIS = YES;
				CLANG_WARN_STRICT_PROTOTYPES = YES;
				CLANG_WARN_SUSPICIOUS_MOVE = YES;
				CLANG_WARN_UNGUARDED_AVAILABILITY = YES_AGGRESSIVE;
				CLANG_WARN_UNREACHABLE_CODE = YES;
				CLANG_WARN__DUPLICATE_METHOD_MATCH = YES;
				COPY_PHASE_STRIP = NO;
				DEBUG_INFORMATION_FORMAT = dwarf;
				ENABLE_STRICT_OBJC_MSGSEND = YES;
				ENABLE_TESTABILITY = YES;
				GCC_C_LANGUAGE_STANDARD = gnu11;
				GCC_DYNAMIC_NO_PIC = NO;
				GCC_NO_COMMON_BLOCKS = YES;
				GCC_OPTIMIZATION_LEVEL = 0;
				GCC_PREPROCESSOR_DEFINITIONS = (
					"DEBUG=1",
					"$(inherited)",
				);
				GCC_WARN_64_TO_32_BIT_CONVERSION = YES;
				GCC_WARN_ABOUT_RETURN_TYPE = YES_ERROR;
				GCC_WARN_UNDECLARED_SELECTOR = YES;
				GCC_WARN_UNINITIALIZED_AUTOS = YES_AGGRESSIVE;
				GCC_WARN_UNUSED_FUNCTION = YES;
				GCC_WARN_UNUSED_VARIABLE = YES;
				IPHONEOS_DEPLOYMENT_TARGET = 16.4;
				MTL_ENABLE_DEBUG_INFO = INCLUDE_SOURCE;
				MTL_FAST_MATH = YES;
				ONLY_ACTIVE_ARCH = YES;
				SDKROOT = iphoneos;
				SWIFT_ACTIVE_COMPILATION_CONDITIONS = DEBUG;
				SWIFT_OPTIMIZATION_LEVEL = "-Onone";
			};
			name = Debug;
		};
		17BB55112A94AA9100BAF159 /* Release */ = {
			isa = XCBuildConfiguration;
			buildSettings = {
				ALWAYS_SEARCH_USER_PATHS = NO;
				CLANG_ANALYZER_NONNULL = YES;
				CLANG_ANALYZER_NUMBER_OBJECT_CONVERSION = YES_AGGRESSIVE;
				CLANG_CXX_LANGUAGE_STANDARD = "gnu++20";
				CLANG_ENABLE_MODULES = YES;
				CLANG_ENABLE_OBJC_ARC = YES;
				CLANG_ENABLE_OBJC_WEAK = YES;
				CLANG_WARN_BLOCK_CAPTURE_AUTORELEASING = YES;
				CLANG_WARN_BOOL_CONVERSION = YES;
				CLANG_WARN_COMMA = YES;
				CLANG_WARN_CONSTANT_CONVERSION = YES;
				CLANG_WARN_DEPRECATED_OBJC_IMPLEMENTATIONS = YES;
				CLANG_WARN_DIRECT_OBJC_ISA_USAGE = YES_ERROR;
				CLANG_WARN_DOCUMENTATION_COMMENTS = YES;
				CLANG_WARN_EMPTY_BODY = YES;
				CLANG_WARN_ENUM_CONVERSION = YES;
				CLANG_WARN_INFINITE_RECURSION = YES;
				CLANG_WARN_INT_CONVERSION = YES;
				CLANG_WARN_NON_LITERAL_NULL_CONVERSION = YES;
				CLANG_WARN_OBJC_IMPLICIT_RETAIN_SELF = YES;
				CLANG_WARN_OBJC_LITERAL_CONVERSION = YES;
				CLANG_WARN_OBJC_ROOT_CLASS = YES_ERROR;
				CLANG_WARN_QUOTED_INCLUDE_IN_FRAMEWORK_HEADER = YES;
				CLANG_WARN_RANGE_LOOP_ANALYSIS = YES;
				CLANG_WARN_STRICT_PROTOTYPES = YES;
				CLANG_WARN_SUSPICIOUS_MOVE = YES;
				CLANG_WARN_UNGUARDED_AVAILABILITY = YES_AGGRESSIVE;
				CLANG_WARN_UNREACHABLE_CODE = YES;
				CLANG_WARN__DUPLICATE_METHOD_MATCH = YES;
				COPY_PHASE_STRIP = NO;
				DEBUG_INFORMATION_FORMAT = "dwarf-with-dsym";
				ENABLE_NS_ASSERTIONS = NO;
				ENABLE_STRICT_OBJC_MSGSEND = YES;
				GCC_C_LANGUAGE_STANDARD = gnu11;
				GCC_NO_COMMON_BLOCKS = YES;
				GCC_WARN_64_TO_32_BIT_CONVERSION = YES;
				GCC_WARN_ABOUT_RETURN_TYPE = YES_ERROR;
				GCC_WARN_UNDECLARED_SELECTOR = YES;
				GCC_WARN_UNINITIALIZED_AUTOS = YES_AGGRESSIVE;
				GCC_WARN_UNUSED_FUNCTION = YES;
				GCC_WARN_UNUSED_VARIABLE = YES;
				IPHONEOS_DEPLOYMENT_TARGET = 16.4;
				MTL_ENABLE_DEBUG_INFO = NO;
				MTL_FAST_MATH = YES;
				SDKROOT = iphoneos;
				SWIFT_COMPILATION_MODE = wholemodule;
				SWIFT_OPTIMIZATION_LEVEL = "-O";
				VALIDATE_PRODUCT = YES;
			};
			name = Release;
		};
		17BB55132A94AA9100BAF159 /* Debug */ = {
			isa = XCBuildConfiguration;
			baseConfigurationReference = 5C868FBB421DCF0074C192AB /* Pods-moviesDeatails.debug.xcconfig */;
			buildSettings = {
				ASSETCATALOG_COMPILER_APPICON_NAME = AppIcon;
				ASSETCATALOG_COMPILER_GLOBAL_ACCENT_COLOR_NAME = AccentColor;
				CODE_SIGN_STYLE = Automatic;
				CURRENT_PROJECT_VERSION = 1;
				GENERATE_INFOPLIST_FILE = YES;
				INFOPLIST_FILE = moviesDeatails/Info.plist;
				INFOPLIST_KEY_CFBundleDisplayName = Movies;
				INFOPLIST_KEY_UIApplicationSupportsIndirectInputEvents = YES;
				INFOPLIST_KEY_UILaunchStoryboardName = LaunchScreen;
				INFOPLIST_KEY_UIMainStoryboardFile = Main;
				INFOPLIST_KEY_UISupportedInterfaceOrientations = UIInterfaceOrientationPortrait;
				INFOPLIST_KEY_UISupportedInterfaceOrientations_iPad = "UIInterfaceOrientationLandscapeLeft UIInterfaceOrientationLandscapeRight UIInterfaceOrientationPortrait UIInterfaceOrientationPortraitUpsideDown";
				LD_RUNPATH_SEARCH_PATHS = (
					"$(inherited)",
					"@executable_path/Frameworks",
				);
				MARKETING_VERSION = 1.0;
				PRODUCT_BUNDLE_IDENTIFIER = housing.com.moviesDeatails;
				PRODUCT_NAME = "$(TARGET_NAME)";
				SWIFT_EMIT_LOC_STRINGS = YES;
				SWIFT_VERSION = 5.0;
				TARGETED_DEVICE_FAMILY = "1,2";
			};
			name = Debug;
		};
		17BB55142A94AA9100BAF159 /* Release */ = {
			isa = XCBuildConfiguration;
			baseConfigurationReference = A1B5F87DB873B3EBF2E68BF2 /* Pods-moviesDeatails.release.xcconfig */;
			buildSettings = {
				ASSETCATALOG_COMPILER_APPICON_NAME = AppIcon;
				ASSETCATALOG_COMPILER_GLOBAL_ACCENT_COLOR_NAME = AccentColor;
				CODE_SIGN_STYLE = Automatic;
				CURRENT_PROJECT_VERSION = 1;
				GENERATE_INFOPLIST_FILE = YES;
				INFOPLIST_FILE = moviesDeatails/Info.plist;
				INFOPLIST_KEY_CFBundleDisplayName = Movies;
				INFOPLIST_KEY_UIApplicationSupportsIndirectInputEvents = YES;
				INFOPLIST_KEY_UILaunchStoryboardName = LaunchScreen;
				INFOPLIST_KEY_UIMainStoryboardFile = Main;
				INFOPLIST_KEY_UISupportedInterfaceOrientations = UIInterfaceOrientationPortrait;
				INFOPLIST_KEY_UISupportedInterfaceOrientations_iPad = "UIInterfaceOrientationLandscapeLeft UIInterfaceOrientationLandscapeRight UIInterfaceOrientationPortrait UIInterfaceOrientationPortraitUpsideDown";
				LD_RUNPATH_SEARCH_PATHS = (
					"$(inherited)",
					"@executable_path/Frameworks",
				);
				MARKETING_VERSION = 1.0;
				PRODUCT_BUNDLE_IDENTIFIER = housing.com.moviesDeatails;
				PRODUCT_NAME = "$(TARGET_NAME)";
				SWIFT_EMIT_LOC_STRINGS = YES;
				SWIFT_VERSION = 5.0;
				TARGETED_DEVICE_FAMILY = "1,2";
			};
			name = Release;
		};
/* End XCBuildConfiguration section */

/* Begin XCConfigurationList section */
		17BB54F92A94AA9000BAF159 /* Build configuration list for PBXProject "moviesDeatails" */ = {
			isa = XCConfigurationList;
			buildConfigurations = (
				17BB55102A94AA9100BAF159 /* Debug */,
				17BB55112A94AA9100BAF159 /* Release */,
			);
			defaultConfigurationIsVisible = 0;
			defaultConfigurationName = Release;
		};
		17BB55122A94AA9100BAF159 /* Build configuration list for PBXNativeTarget "moviesDeatails" */ = {
			isa = XCConfigurationList;
			buildConfigurations = (
				17BB55132A94AA9100BAF159 /* Debug */,
				17BB55142A94AA9100BAF159 /* Release */,
			);
			defaultConfigurationIsVisible = 0;
			defaultConfigurationName = Release;
		};
/* End XCConfigurationList section */
	};
	rootObject = 17BB54F62A94AA9000BAF159 /* Project object */;
}
